
Microsoft Visual Studio Solution File, Format Version 12.00
# Visual Studio 15
VisualStudioVersion = 15.0.28307.421
MinimumVisualStudioVersion = 10.0.40219.1
Project("{9A19103F-16F7-4668-BE54-9A1E7A4F7556}") = "IS24RestApi", "IS24RestApi\IS24RestApi.csproj", "{C7A378E1-D9EE-45B9-B147-0F366B0CE314}"
EndProject
Project("{9A19103F-16F7-4668-BE54-9A1E7A4F7556}") = "SampleConsole", "SampleConsole\SampleConsole.csproj", "{F73B3606-BD7F-4C2B-BC9E-843DD577C2D3}"
EndProject
Project("{9A19103F-16F7-4668-BE54-9A1E7A4F7556}") = "IS24RestApi.Tests", "IS24RestApi.Tests\IS24RestApi.Tests.csproj", "{C290D9C5-B131-44C0-A263-4CBCAB80C4D6}"
EndProject
Global
	GlobalSection(SolutionConfigurationPlatforms) = preSolution
		Debug|Any CPU = Debug|Any CPU
		Release|Any CPU = Release|Any CPU
	EndGlobalSection
	GlobalSection(ProjectConfigurationPlatforms) = postSolution
		{C7A378E1-D9EE-45B9-B147-0F366B0CE314}.Debug|Any CPU.ActiveCfg = Debug|Any CPU
		{C7A378E1-D9EE-45B9-B147-0F366B0CE314}.Debug|Any CPU.Build.0 = Debug|Any CPU
		{C7A378E1-D9EE-45B9-B147-0F366B0CE314}.Release|Any CPU.ActiveCfg = Release|Any CPU
		{C7A378E1-D9EE-45B9-B147-0F366B0CE314}.Release|Any CPU.Build.0 = Release|Any CPU
		{F73B3606-BD7F-4C2B-BC9E-843DD577C2D3}.Debug|Any CPU.ActiveCfg = Debug|Any CPU
		{F73B3606-BD7F-4C2B-BC9E-843DD577C2D3}.Debug|Any CPU.Build.0 = Debug|Any CPU
		{F73B3606-BD7F-4C2B-BC9E-843DD577C2D3}.Release|Any CPU.ActiveCfg = Release|Any CPU
		{F73B3606-BD7F-4C2B-BC9E-843DD577C2D3}.Release|Any CPU.Build.0 = Release|Any CPU
		{C290D9C5-B131-44C0-A263-4CBCAB80C4D6}.Debug|Any CPU.ActiveCfg = Debug|Any CPU
		{C290D9C5-B131-44C0-A263-4CBCAB80C4D6}.Debug|Any CPU.Build.0 = Debug|Any CPU
		{C290D9C5-B131-44C0-A263-4CBCAB80C4D6}.Release|Any CPU.ActiveCfg = Release|Any CPU
		{C290D9C5-B131-44C0-A263-4CBCAB80C4D6}.Release|Any CPU.Build.0 = Release|Any CPU
	EndGlobalSection
	GlobalSection(SolutionProperties) = preSolution
		HideSolutionNode = FALSE
	EndGlobalSection
	GlobalSection(ExtensibilityGlobals) = postSolution
		SolutionGuid = {6A4E107A-A225-4E86-9A0F-B0A56793939A}
	EndGlobalSection
EndGlobal
